# THIS IS AN AUTOGENERATED FILE. DO NOT EDIT THIS FILE DIRECTLY.
# yarn lockfile v1


node-ensure@^0.0.0:
  version "0.0.0"
  resolved "https://registry.npmjs.org/node-ensure/-/node-ensure-0.0.0.tgz#ecae764150de99861ec5c810fd5d096b183932a7"
  integrity sha512-DRI60hzo2oKN1ma0ckc6nQWlHU69RH6xN0sjQTjMpChPfTYvKZdcQFfdYK2RWbJcKyUizSIy/l8OTGxMAM1QDw==

pdf-parse@^1.1.1:
  version "1.1.4"
  resolved "https://registry.npmjs.org/pdf-parse/-/pdf-parse-1.1.4.tgz#97bca6f46758130dafb1fdd9df905efd07581f4a"
  integrity sha512-XRIRcLgk6ZnUbsHsYXExMw+krrPE81hJ6FQPLdBNhhBefqIQKXu/WeTgNBGSwPrfU0v+UCEwn7AoAUOsVKHFvQ==
  dependencies:
    node-ensure "^0.0.0"
